{
  "nodes": {
    "nixpkgs": {
      "locked": {
        "lastModified": 1786020313,
        "narHash": "sha256-+SRq9fKS489zHzmsBxTKD99TMqST2LnWSM5EsXAzLpU=",
        "owner": "nixos",
        "repo": "nixpkgs",
        "rev": "addb9f5fb57327a6712a409ba4e17efb7e3ec1c5",
        "type": "github"
      },
      "original": {
        "owner": "nixos",
        "repo": "nixpkgs",
        "type": "github"
      }
    },
    "root": {
      "inputs": {
        "nixpkgs": "nixpkgs"
      }
    }
  },
  "root": "root",
  "version": 7
}
