{
  "nodes": {
    "nixpkgs": {
      "locked": {
        "lastModified": 1787437750,
        "narHash": "sha256-8qnR53JToWl9xm6MWgbmmOzh4rsQiQCwH4KukHytNkk=",
        "owner": "nixos",
        "repo": "nixpkgs",
        "rev": "e990d4ae42fb93cf7919c654225117ddc6bef1b4",
        "type": "github"
      },
      "original": {
        "owner": "nixos",
        "repo": "nixpkgs",
        "type": "github"
      }
    },
    "root": {
      "inputs": {
        "nixpkgs": "nixpkgs"
      }
    }
  },
  "root": "root",
  "version": 7
}
